
Microsoft Visual Studio Solution File, Format Version 12.00
# Visual Studio 2012
Project("{8BC9CEB8-8B4A-11D0-8D11-00A0C91BC942}") = "8-23", "8-23\8-23.vcxproj", "{BC91F4D6-9128-478E-BA7D-B7168E4FE6E9}"
EndProject
Global
	GlobalSection(SolutionConfigurationPlatforms) = preSolution
		Debug|Win32 = Debug|Win32
		Release|Win32 = Release|Win32
	EndGlobalSection
	GlobalSection(ProjectConfigurationPlatforms) = postSolution
		{BC91F4D6-9128-478E-BA7D-B7168E4FE6E9}.Debug|Win32.ActiveCfg = Debug|Win32
		{BC91F4D6-9128-478E-BA7D-B7168E4FE6E9}.Debug|Win32.Build.0 = Debug|Win32
		{BC91F4D6-9128-478E-BA7D-B7168E4FE6E9}.Release|Win32.ActiveCfg = Release|Win32
		{BC91F4D6-9128-478E-BA7D-B7168E4FE6E9}.Release|Win32.Build.0 = Release|Win32
	EndGlobalSection
	GlobalSection(SolutionProperties) = preSolution
		HideSolutionNode = FALSE
	EndGlobalSection
EndGlobal
