
Microsoft Visual Studio Solution File, Format Version 12.00
# Visual Studio 2012
Project("{8BC9CEB8-8B4A-11D0-8D11-00A0C91BC942}") = "8-20", "8-20\8-20.vcxproj", "{E4463A4D-6F6F-4F23-8FF9-B231FCFFC247}"
EndProject
Global
	GlobalSection(SolutionConfigurationPlatforms) = preSolution
		Debug|Win32 = Debug|Win32
		Release|Win32 = Release|Win32
	EndGlobalSection
	GlobalSection(ProjectConfigurationPlatforms) = postSolution
		{E4463A4D-6F6F-4F23-8FF9-B231FCFFC247}.Debug|Win32.ActiveCfg = Debug|Win32
		{E4463A4D-6F6F-4F23-8FF9-B231FCFFC247}.Debug|Win32.Build.0 = Debug|Win32
		{E4463A4D-6F6F-4F23-8FF9-B231FCFFC247}.Release|Win32.ActiveCfg = Release|Win32
		{E4463A4D-6F6F-4F23-8FF9-B231FCFFC247}.Release|Win32.Build.0 = Release|Win32
	EndGlobalSection
	GlobalSection(SolutionProperties) = preSolution
		HideSolutionNode = FALSE
	EndGlobalSection
EndGlobal
