
Microsoft Visual Studio Solution File, Format Version 12.00
# Visual Studio 2012
Project("{8BC9CEB8-8B4A-11D0-8D11-00A0C91BC942}") = "woek2", "woek2\woek2.vcxproj", "{0418F432-D24E-4E58-AD2B-70CB24927188}"
EndProject
Global
	GlobalSection(SolutionConfigurationPlatforms) = preSolution
		Debug|Win32 = Debug|Win32
		Release|Win32 = Release|Win32
	EndGlobalSection
	GlobalSection(ProjectConfigurationPlatforms) = postSolution
		{0418F432-D24E-4E58-AD2B-70CB24927188}.Debug|Win32.ActiveCfg = Debug|Win32
		{0418F432-D24E-4E58-AD2B-70CB24927188}.Debug|Win32.Build.0 = Debug|Win32
		{0418F432-D24E-4E58-AD2B-70CB24927188}.Release|Win32.ActiveCfg = Release|Win32
		{0418F432-D24E-4E58-AD2B-70CB24927188}.Release|Win32.Build.0 = Release|Win32
	EndGlobalSection
	GlobalSection(SolutionProperties) = preSolution
		HideSolutionNode = FALSE
	EndGlobalSection
EndGlobal
